
Microsoft Visual Studio Solution File, Format Version 11.00
# Visual Studio 2010
Project("{FAE04EC0-301F-11D3-BF4B-00C04F79EFBC}") = "MonoDevelop.UnityMode", "MonoDevelop.UnityMode\MonoDevelop.UnityMode.csproj", "{54833F06-FF38-483A-A1F5-43DF9CE0375F}"
EndProject
Project("{FAE04EC0-301F-11D3-BF4B-00C04F79EFBC}") = "MonoDevelop.UnityMode.RestService", "MonoDevelop.UnityMode.RestService\MonoDevelop.UnityMode.RestService.csproj", "{B3AA406F-BD2C-41F2-947C-B16271DF516D}"
EndProject
Project("{FAE04EC0-301F-11D3-BF4B-00C04F79EFBC}") = "MonoDevelop.UnityMode.UnityRestClient", "MonoDevelop.UnityMode.UnityRestClient\MonoDevelop.UnityMode.UnityRestClient.csproj", "{54F9E087-EB68-4E06-A297-99885F7DA415}"
EndProject
Project("{FAE04EC0-301F-11D3-BF4B-00C04F79EFBC}") = "MonoDevelop.UnityMode.RestService.ServiceModel", "MonoDevelop.UnityMode.RestService.ServiceModel\MonoDevelop.UnityMode.RestService.ServiceModel.csproj", "{4B361B33-3872-45B1-968A-3053C4ACB8FC}"
EndProject
Project("{FAE04EC0-301F-11D3-BF4B-00C04F79EFBC}") = "MonoDevelop.UnityMode.Tests", "MonoDevelop.UnityMode.Tests\MonoDevelop.UnityMode.Tests.csproj", "{864E1704-F16E-4F6A-83FD-B9BB83E57EC3}"
EndProject
Global
	GlobalSection(SolutionConfigurationPlatforms) = preSolution
		Debug|Any CPU = Debug|Any CPU
		Release|Any CPU = Release|Any CPU
	EndGlobalSection
	GlobalSection(ProjectConfigurationPlatforms) = postSolution
		{4B361B33-3872-45B1-968A-3053C4ACB8FC}.Debug|Any CPU.ActiveCfg = Debug|Any CPU
		{4B361B33-3872-45B1-968A-3053C4ACB8FC}.Debug|Any CPU.Build.0 = Debug|Any CPU
		{4B361B33-3872-45B1-968A-3053C4ACB8FC}.Release|Any CPU.ActiveCfg = Release|Any CPU
		{4B361B33-3872-45B1-968A-3053C4ACB8FC}.Release|Any CPU.Build.0 = Release|Any CPU
		{54833F06-FF38-483A-A1F5-43DF9CE0375F}.Debug|Any CPU.ActiveCfg = Debug|Any CPU
		{54833F06-FF38-483A-A1F5-43DF9CE0375F}.Debug|Any CPU.Build.0 = Debug|Any CPU
		{54833F06-FF38-483A-A1F5-43DF9CE0375F}.Release|Any CPU.ActiveCfg = Release|Any CPU
		{54833F06-FF38-483A-A1F5-43DF9CE0375F}.Release|Any CPU.Build.0 = Release|Any CPU
		{54F9E087-EB68-4E06-A297-99885F7DA415}.Debug|Any CPU.ActiveCfg = Debug|Any CPU
		{54F9E087-EB68-4E06-A297-99885F7DA415}.Debug|Any CPU.Build.0 = Debug|Any CPU
		{54F9E087-EB68-4E06-A297-99885F7DA415}.Release|Any CPU.ActiveCfg = Release|Any CPU
		{54F9E087-EB68-4E06-A297-99885F7DA415}.Release|Any CPU.Build.0 = Release|Any CPU
		{864E1704-F16E-4F6A-83FD-B9BB83E57EC3}.Debug|Any CPU.ActiveCfg = Debug|Any CPU
		{864E1704-F16E-4F6A-83FD-B9BB83E57EC3}.Debug|Any CPU.Build.0 = Debug|Any CPU
		{864E1704-F16E-4F6A-83FD-B9BB83E57EC3}.Release|Any CPU.ActiveCfg = Release|Any CPU
		{864E1704-F16E-4F6A-83FD-B9BB83E57EC3}.Release|Any CPU.Build.0 = Release|Any CPU
		{B3AA406F-BD2C-41F2-947C-B16271DF516D}.Debug|Any CPU.ActiveCfg = Debug|Any CPU
		{B3AA406F-BD2C-41F2-947C-B16271DF516D}.Debug|Any CPU.Build.0 = Debug|Any CPU
		{B3AA406F-BD2C-41F2-947C-B16271DF516D}.Release|Any CPU.ActiveCfg = Release|Any CPU
		{B3AA406F-BD2C-41F2-947C-B16271DF516D}.Release|Any CPU.Build.0 = Release|Any CPU
	EndGlobalSection
	GlobalSection(SolutionProperties) = preSolution
		HideSolutionNode = FALSE
	EndGlobalSection
EndGlobal
